
Microsoft Visual Studio Solution File, Format Version 12.00
# Visual Studio 15
VisualStudioVersion = 15.0.26228.9
MinimumVisualStudioVersion = 10.0.40219.1
Project("{FAE04EC0-301F-11D3-BF4B-00C04F79EFBC}") = "MoneyMerchantLocator.Android", "MoneyMerchantLocator\MoneyMerchantLocator.Android\MoneyMerchantLocator.Android.csproj", "{571AE92D-419D-4016-97FB-DCA1FC1C7C38}"
EndProject
Project("{FAE04EC0-301F-11D3-BF4B-00C04F79EFBC}") = "MoneyMerchantLocator", "MoneyMerchantLocator\MoneyMerchantLocator\MoneyMerchantLocator.csproj", "{75B8F886-4FA4-455E-B41A-EE63064C347E}"
EndProject
Project("{FAE04EC0-301F-11D3-BF4B-00C04F79EFBC}") = "MoneyMerchantLocator.iOS", "MoneyMerchantLocator\MoneyMerchantLocator.iOS\MoneyMerchantLocator.iOS.csproj", "{8066BEE2-5D59-4CB4-BAC6-4DE60EB22CBE}"
EndProject
Project("{FAE04EC0-301F-11D3-BF4B-00C04F79EFBC}") = "MoneyMerchantLocator.API", "MoneyMerchantLocator.API\MoneyMerchantLocator.API.csproj", "{95ADF626-5AE4-4702-A602-C30088C13128}"
EndProject
Global
	GlobalSection(SolutionConfigurationPlatforms) = preSolution
		Ad-Hoc|Any CPU = Ad-Hoc|Any CPU
		Ad-Hoc|ARM = Ad-Hoc|ARM
		Ad-Hoc|iPhone = Ad-Hoc|iPhone
		Ad-Hoc|iPhoneSimulator = Ad-Hoc|iPhoneSimulator
		Ad-Hoc|x64 = Ad-Hoc|x64
		Ad-Hoc|x86 = Ad-Hoc|x86
		AppStore|Any CPU = AppStore|Any CPU
		AppStore|ARM = AppStore|ARM
		AppStore|iPhone = AppStore|iPhone
		AppStore|iPhoneSimulator = AppStore|iPhoneSimulator
		AppStore|x64 = AppStore|x64
		AppStore|x86 = AppStore|x86
		Debug|Any CPU = Debug|Any CPU
		Debug|ARM = Debug|ARM
		Debug|iPhone = Debug|iPhone
		Debug|iPhoneSimulator = Debug|iPhoneSimulator
		Debug|x64 = Debug|x64
		Debug|x86 = Debug|x86
		Release|Any CPU = Release|Any CPU
		Release|ARM = Release|ARM
		Release|iPhone = Release|iPhone
		Release|iPhoneSimulator = Release|iPhoneSimulator
		Release|x64 = Release|x64
		Release|x86 = Release|x86
	EndGlobalSection
	GlobalSection(ProjectConfigurationPlatforms) = postSolution
		{571AE92D-419D-4016-97FB-DCA1FC1C7C38}.Ad-Hoc|Any CPU.ActiveCfg = Release|Any CPU
		{571AE92D-419D-4016-97FB-DCA1FC1C7C38}.Ad-Hoc|Any CPU.Build.0 = Release|Any CPU
		{571AE92D-419D-4016-97FB-DCA1FC1C7C38}.Ad-Hoc|Any CPU.Deploy.0 = Release|Any CPU
		{571AE92D-419D-4016-97FB-DCA1FC1C7C38}.Ad-Hoc|ARM.ActiveCfg = Release|Any CPU
		{571AE92D-419D-4016-97FB-DCA1FC1C7C38}.Ad-Hoc|ARM.Build.0 = Release|Any CPU
		{571AE92D-419D-4016-97FB-DCA1FC1C7C38}.Ad-Hoc|ARM.Deploy.0 = Release|Any CPU
		{571AE92D-419D-4016-97FB-DCA1FC1C7C38}.Ad-Hoc|iPhone.ActiveCfg = Release|Any CPU
		{571AE92D-419D-4016-97FB-DCA1FC1C7C38}.Ad-Hoc|iPhone.Build.0 = Release|Any CPU
		{571AE92D-419D-4016-97FB-DCA1FC1C7C38}.Ad-Hoc|iPhone.Deploy.0 = Release|Any CPU
		{571AE92D-419D-4016-97FB-DCA1FC1C7C38}.Ad-Hoc|iPhoneSimulator.ActiveCfg = Release|Any CPU
		{571AE92D-419D-4016-97FB-DCA1FC1C7C38}.Ad-Hoc|iPhoneSimulator.Build.0 = Release|Any CPU
		{571AE92D-419D-4016-97FB-DCA1FC1C7C38}.Ad-Hoc|iPhoneSimulator.Deploy.0 = Release|Any CPU
		{571AE92D-419D-4016-97FB-DCA1FC1C7C38}.Ad-Hoc|x64.ActiveCfg = Release|Any CPU
		{571AE92D-419D-4016-97FB-DCA1FC1C7C38}.Ad-Hoc|x64.Build.0 = Release|Any CPU
		{571AE92D-419D-4016-97FB-DCA1FC1C7C38}.Ad-Hoc|x64.Deploy.0 = Release|Any CPU
		{571AE92D-419D-4016-97FB-DCA1FC1C7C38}.Ad-Hoc|x86.ActiveCfg = Release|Any CPU
		{571AE92D-419D-4016-97FB-DCA1FC1C7C38}.Ad-Hoc|x86.Build.0 = Release|Any CPU
		{571AE92D-419D-4016-97FB-DCA1FC1C7C38}.Ad-Hoc|x86.Deploy.0 = Release|Any CPU
		{571AE92D-419D-4016-97FB-DCA1FC1C7C38}.AppStore|Any CPU.ActiveCfg = Release|Any CPU
		{571AE92D-419D-4016-97FB-DCA1FC1C7C38}.AppStore|Any CPU.Build.0 = Release|Any CPU
		{571AE92D-419D-4016-97FB-DCA1FC1C7C38}.AppStore|Any CPU.Deploy.0 = Release|Any CPU
		{571AE92D-419D-4016-97FB-DCA1FC1C7C38}.AppStore|ARM.ActiveCfg = Release|Any CPU
		{571AE92D-419D-4016-97FB-DCA1FC1C7C38}.AppStore|ARM.Build.0 = Release|Any CPU
		{571AE92D-419D-4016-97FB-DCA1FC1C7C38}.AppStore|ARM.Deploy.0 = Release|Any CPU
		{571AE92D-419D-4016-97FB-DCA1FC1C7C38}.AppStore|iPhone.ActiveCfg = Release|Any CPU
		{571AE92D-419D-4016-97FB-DCA1FC1C7C38}.AppStore|iPhone.Build.0 = Release|Any CPU
		{571AE92D-419D-4016-97FB-DCA1FC1C7C38}.AppStore|iPhone.Deploy.0 = Release|Any CPU
		{571AE92D-419D-4016-97FB-DCA1FC1C7C38}.AppStore|iPhoneSimulator.ActiveCfg = Release|Any CPU
		{571AE92D-419D-4016-97FB-DCA1FC1C7C38}.AppStore|iPhoneSimulator.Build.0 = Release|Any CPU
		{571AE92D-419D-4016-97FB-DCA1FC1C7C38}.AppStore|iPhoneSimulator.Deploy.0 = Release|Any CPU
		{571AE92D-419D-4016-97FB-DCA1FC1C7C38}.AppStore|x64.ActiveCfg = Release|Any CPU
		{571AE92D-419D-4016-97FB-DCA1FC1C7C38}.AppStore|x64.Build.0 = Release|Any CPU
		{571AE92D-419D-4016-97FB-DCA1FC1C7C38}.AppStore|x64.Deploy.0 = Release|Any CPU
		{571AE92D-419D-4016-97FB-DCA1FC1C7C38}.AppStore|x86.ActiveCfg = Release|Any CPU
		{571AE92D-419D-4016-97FB-DCA1FC1C7C38}.AppStore|x86.Build.0 = Release|Any CPU
		{571AE92D-419D-4016-97FB-DCA1FC1C7C38}.AppStore|x86.Deploy.0 = Release|Any CPU
		{571AE92D-419D-4016-97FB-DCA1FC1C7C38}.Debug|Any CPU.ActiveCfg = Debug|Any CPU
		{571AE92D-419D-4016-97FB-DCA1FC1C7C38}.Debug|Any CPU.Build.0 = Debug|Any CPU
		{571AE92D-419D-4016-97FB-DCA1FC1C7C38}.Debug|Any CPU.Deploy.0 = Debug|Any CPU
		{571AE92D-419D-4016-97FB-DCA1FC1C7C38}.Debug|ARM.ActiveCfg = Debug|Any CPU
		{571AE92D-419D-4016-97FB-DCA1FC1C7C38}.Debug|ARM.Build.0 = Debug|Any CPU
		{571AE92D-419D-4016-97FB-DCA1FC1C7C38}.Debug|ARM.Deploy.0 = Debug|Any CPU
		{571AE92D-419D-4016-97FB-DCA1FC1C7C38}.Debug|iPhone.ActiveCfg = Debug|Any CPU
		{571AE92D-419D-4016-97FB-DCA1FC1C7C38}.Debug|iPhone.Build.0 = Debug|Any CPU
		{571AE92D-419D-4016-97FB-DCA1FC1C7C38}.Debug|iPhone.Deploy.0 = Debug|Any CPU
		{571AE92D-419D-4016-97FB-DCA1FC1C7C38}.Debug|iPhoneSimulator.ActiveCfg = Debug|Any CPU
		{571AE92D-419D-4016-97FB-DCA1FC1C7C38}.Debug|iPhoneSimulator.Build.0 = Debug|Any CPU
		{571AE92D-419D-4016-97FB-DCA1FC1C7C38}.Debug|iPhoneSimulator.Deploy.0 = Debug|Any CPU
		{571AE92D-419D-4016-97FB-DCA1FC1C7C38}.Debug|x64.ActiveCfg = Debug|Any CPU
		{571AE92D-419D-4016-97FB-DCA1FC1C7C38}.Debug|x64.Build.0 = Debug|Any CPU
		{571AE92D-419D-4016-97FB-DCA1FC1C7C38}.Debug|x64.Deploy.0 = Debug|Any CPU
		{571AE92D-419D-4016-97FB-DCA1FC1C7C38}.Debug|x86.ActiveCfg = Debug|Any CPU
		{571AE92D-419D-4016-97FB-DCA1FC1C7C38}.Debug|x86.Build.0 = Debug|Any CPU
		{571AE92D-419D-4016-97FB-DCA1FC1C7C38}.Debug|x86.Deploy.0 = Debug|Any CPU
		{571AE92D-419D-4016-97FB-DCA1FC1C7C38}.Release|Any CPU.ActiveCfg = Release|Any CPU
		{571AE92D-419D-4016-97FB-DCA1FC1C7C38}.Release|Any CPU.Build.0 = Release|Any CPU
		{571AE92D-419D-4016-97FB-DCA1FC1C7C38}.Release|Any CPU.Deploy.0 = Release|Any CPU
		{571AE92D-419D-4016-97FB-DCA1FC1C7C38}.Release|ARM.ActiveCfg = Release|Any CPU
		{571AE92D-419D-4016-97FB-DCA1FC1C7C38}.Release|ARM.Build.0 = Release|Any CPU
		{571AE92D-419D-4016-97FB-DCA1FC1C7C38}.Release|ARM.Deploy.0 = Release|Any CPU
		{571AE92D-419D-4016-97FB-DCA1FC1C7C38}.Release|iPhone.ActiveCfg = Release|Any CPU
		{571AE92D-419D-4016-97FB-DCA1FC1C7C38}.Release|iPhone.Build.0 = Release|Any CPU
		{571AE92D-419D-4016-97FB-DCA1FC1C7C38}.Release|iPhone.Deploy.0 = Release|Any CPU
		{571AE92D-419D-4016-97FB-DCA1FC1C7C38}.Release|iPhoneSimulator.ActiveCfg = Release|Any CPU
		{571AE92D-419D-4016-97FB-DCA1FC1C7C38}.Release|iPhoneSimulator.Build.0 = Release|Any CPU
		{571AE92D-419D-4016-97FB-DCA1FC1C7C38}.Release|iPhoneSimulator.Deploy.0 = Release|Any CPU
		{571AE92D-419D-4016-97FB-DCA1FC1C7C38}.Release|x64.ActiveCfg = Release|Any CPU
		{571AE92D-419D-4016-97FB-DCA1FC1C7C38}.Release|x64.Build.0 = Release|Any CPU
		{571AE92D-419D-4016-97FB-DCA1FC1C7C38}.Release|x64.Deploy.0 = Release|Any CPU
		{571AE92D-419D-4016-97FB-DCA1FC1C7C38}.Release|x86.ActiveCfg = Release|Any CPU
		{571AE92D-419D-4016-97FB-DCA1FC1C7C38}.Release|x86.Build.0 = Release|Any CPU
		{571AE92D-419D-4016-97FB-DCA1FC1C7C38}.Release|x86.Deploy.0 = Release|Any CPU
		{75B8F886-4FA4-455E-B41A-EE63064C347E}.Ad-Hoc|Any CPU.ActiveCfg = Release|Any CPU
		{75B8F886-4FA4-455E-B41A-EE63064C347E}.Ad-Hoc|Any CPU.Build.0 = Release|Any CPU
		{75B8F886-4FA4-455E-B41A-EE63064C347E}.Ad-Hoc|ARM.ActiveCfg = Release|Any CPU
		{75B8F886-4FA4-455E-B41A-EE63064C347E}.Ad-Hoc|ARM.Build.0 = Release|Any CPU
		{75B8F886-4FA4-455E-B41A-EE63064C347E}.Ad-Hoc|iPhone.ActiveCfg = Release|Any CPU
		{75B8F886-4FA4-455E-B41A-EE63064C347E}.Ad-Hoc|iPhone.Build.0 = Release|Any CPU
		{75B8F886-4FA4-455E-B41A-EE63064C347E}.Ad-Hoc|iPhoneSimulator.ActiveCfg = Release|Any CPU
		{75B8F886-4FA4-455E-B41A-EE63064C347E}.Ad-Hoc|iPhoneSimulator.Build.0 = Release|Any CPU
		{75B8F886-4FA4-455E-B41A-EE63064C347E}.Ad-Hoc|x64.ActiveCfg = Release|Any CPU
		{75B8F886-4FA4-455E-B41A-EE63064C347E}.Ad-Hoc|x64.Build.0 = Release|Any CPU
		{75B8F886-4FA4-455E-B41A-EE63064C347E}.Ad-Hoc|x86.ActiveCfg = Release|Any CPU
		{75B8F886-4FA4-455E-B41A-EE63064C347E}.Ad-Hoc|x86.Build.0 = Release|Any CPU
		{75B8F886-4FA4-455E-B41A-EE63064C347E}.AppStore|Any CPU.ActiveCfg = Release|Any CPU
		{75B8F886-4FA4-455E-B41A-EE63064C347E}.AppStore|Any CPU.Build.0 = Release|Any CPU
		{75B8F886-4FA4-455E-B41A-EE63064C347E}.AppStore|ARM.ActiveCfg = Release|Any CPU
		{75B8F886-4FA4-455E-B41A-EE63064C347E}.AppStore|ARM.Build.0 = Release|Any CPU
		{75B8F886-4FA4-455E-B41A-EE63064C347E}.AppStore|iPhone.ActiveCfg = Release|Any CPU
		{75B8F886-4FA4-455E-B41A-EE63064C347E}.AppStore|iPhone.Build.0 = Release|Any CPU
		{75B8F886-4FA4-455E-B41A-EE63064C347E}.AppStore|iPhoneSimulator.ActiveCfg = Release|Any CPU
		{75B8F886-4FA4-455E-B41A-EE63064C347E}.AppStore|iPhoneSimulator.Build.0 = Release|Any CPU
		{75B8F886-4FA4-455E-B41A-EE63064C347E}.AppStore|x64.ActiveCfg = Release|Any CPU
		{75B8F886-4FA4-455E-B41A-EE63064C347E}.AppStore|x64.Build.0 = Release|Any CPU
		{75B8F886-4FA4-455E-B41A-EE63064C347E}.AppStore|x86.ActiveCfg = Release|Any CPU
		{75B8F886-4FA4-455E-B41A-EE63064C347E}.AppStore|x86.Build.0 = Release|Any CPU
		{75B8F886-4FA4-455E-B41A-EE63064C347E}.Debug|Any CPU.ActiveCfg = Debug|Any CPU
		{75B8F886-4FA4-455E-B41A-EE63064C347E}.Debug|Any CPU.Build.0 = Debug|Any CPU
		{75B8F886-4FA4-455E-B41A-EE63064C347E}.Debug|ARM.ActiveCfg = Debug|Any CPU
		{75B8F886-4FA4-455E-B41A-EE63064C347E}.Debug|ARM.Build.0 = Debug|Any CPU
		{75B8F886-4FA4-455E-B41A-EE63064C347E}.Debug|iPhone.ActiveCfg = Debug|Any CPU
		{75B8F886-4FA4-455E-B41A-EE63064C347E}.Debug|iPhone.Build.0 = Debug|Any CPU
		{75B8F886-4FA4-455E-B41A-EE63064C347E}.Debug|iPhoneSimulator.ActiveCfg = Debug|Any CPU
		{75B8F886-4FA4-455E-B41A-EE63064C347E}.Debug|iPhoneSimulator.Build.0 = Debug|Any CPU
		{75B8F886-4FA4-455E-B41A-EE63064C347E}.Debug|x64.ActiveCfg = Debug|Any CPU
		{75B8F886-4FA4-455E-B41A-EE63064C347E}.Debug|x64.Build.0 = Debug|Any CPU
		{75B8F886-4FA4-455E-B41A-EE63064C347E}.Debug|x86.ActiveCfg = Debug|Any CPU
		{75B8F886-4FA4-455E-B41A-EE63064C347E}.Debug|x86.Build.0 = Debug|Any CPU
		{75B8F886-4FA4-455E-B41A-EE63064C347E}.Release|Any CPU.ActiveCfg = Release|Any CPU
		{75B8F886-4FA4-455E-B41A-EE63064C347E}.Release|Any CPU.Build.0 = Release|Any CPU
		{75B8F886-4FA4-455E-B41A-EE63064C347E}.Release|ARM.ActiveCfg = Release|Any CPU
		{75B8F886-4FA4-455E-B41A-EE63064C347E}.Release|ARM.Build.0 = Release|Any CPU
		{75B8F886-4FA4-455E-B41A-EE63064C347E}.Release|iPhone.ActiveCfg = Release|Any CPU
		{75B8F886-4FA4-455E-B41A-EE63064C347E}.Release|iPhone.Build.0 = Release|Any CPU
		{75B8F886-4FA4-455E-B41A-EE63064C347E}.Release|iPhoneSimulator.ActiveCfg = Release|Any CPU
		{75B8F886-4FA4-455E-B41A-EE63064C347E}.Release|iPhoneSimulator.Build.0 = Release|Any CPU
		{75B8F886-4FA4-455E-B41A-EE63064C347E}.Release|x64.ActiveCfg = Release|Any CPU
		{75B8F886-4FA4-455E-B41A-EE63064C347E}.Release|x64.Build.0 = Release|Any CPU
		{75B8F886-4FA4-455E-B41A-EE63064C347E}.Release|x86.ActiveCfg = Release|Any CPU
		{75B8F886-4FA4-455E-B41A-EE63064C347E}.Release|x86.Build.0 = Release|Any CPU
		{8066BEE2-5D59-4CB4-BAC6-4DE60EB22CBE}.Ad-Hoc|Any CPU.ActiveCfg = Ad-Hoc|iPhone
		{8066BEE2-5D59-4CB4-BAC6-4DE60EB22CBE}.Ad-Hoc|ARM.ActiveCfg = Ad-Hoc|iPhone
		{8066BEE2-5D59-4CB4-BAC6-4DE60EB22CBE}.Ad-Hoc|iPhone.ActiveCfg = Ad-Hoc|iPhone
		{8066BEE2-5D59-4CB4-BAC6-4DE60EB22CBE}.Ad-Hoc|iPhone.Build.0 = Ad-Hoc|iPhone
		{8066BEE2-5D59-4CB4-BAC6-4DE60EB22CBE}.Ad-Hoc|iPhoneSimulator.ActiveCfg = Ad-Hoc|iPhoneSimulator
		{8066BEE2-5D59-4CB4-BAC6-4DE60EB22CBE}.Ad-Hoc|iPhoneSimulator.Build.0 = Ad-Hoc|iPhoneSimulator
		{8066BEE2-5D59-4CB4-BAC6-4DE60EB22CBE}.Ad-Hoc|x64.ActiveCfg = Ad-Hoc|iPhone
		{8066BEE2-5D59-4CB4-BAC6-4DE60EB22CBE}.Ad-Hoc|x86.ActiveCfg = Ad-Hoc|iPhone
		{8066BEE2-5D59-4CB4-BAC6-4DE60EB22CBE}.AppStore|Any CPU.ActiveCfg = AppStore|iPhone
		{8066BEE2-5D59-4CB4-BAC6-4DE60EB22CBE}.AppStore|ARM.ActiveCfg = AppStore|iPhone
		{8066BEE2-5D59-4CB4-BAC6-4DE60EB22CBE}.AppStore|iPhone.ActiveCfg = AppStore|iPhone
		{8066BEE2-5D59-4CB4-BAC6-4DE60EB22CBE}.AppStore|iPhone.Build.0 = AppStore|iPhone
		{8066BEE2-5D59-4CB4-BAC6-4DE60EB22CBE}.AppStore|iPhoneSimulator.ActiveCfg = AppStore|iPhoneSimulator
		{8066BEE2-5D59-4CB4-BAC6-4DE60EB22CBE}.AppStore|iPhoneSimulator.Build.0 = AppStore|iPhoneSimulator
		{8066BEE2-5D59-4CB4-BAC6-4DE60EB22CBE}.AppStore|x64.ActiveCfg = AppStore|iPhone
		{8066BEE2-5D59-4CB4-BAC6-4DE60EB22CBE}.AppStore|x86.ActiveCfg = AppStore|iPhone
		{8066BEE2-5D59-4CB4-BAC6-4DE60EB22CBE}.Debug|Any CPU.ActiveCfg = Debug|iPhone
		{8066BEE2-5D59-4CB4-BAC6-4DE60EB22CBE}.Debug|ARM.ActiveCfg = Debug|iPhone
		{8066BEE2-5D59-4CB4-BAC6-4DE60EB22CBE}.Debug|iPhone.ActiveCfg = Debug|iPhone
		{8066BEE2-5D59-4CB4-BAC6-4DE60EB22CBE}.Debug|iPhone.Build.0 = Debug|iPhone
		{8066BEE2-5D59-4CB4-BAC6-4DE60EB22CBE}.Debug|iPhoneSimulator.ActiveCfg = Debug|iPhoneSimulator
		{8066BEE2-5D59-4CB4-BAC6-4DE60EB22CBE}.Debug|iPhoneSimulator.Build.0 = Debug|iPhoneSimulator
		{8066BEE2-5D59-4CB4-BAC6-4DE60EB22CBE}.Debug|x64.ActiveCfg = Debug|iPhone
		{8066BEE2-5D59-4CB4-BAC6-4DE60EB22CBE}.Debug|x86.ActiveCfg = Debug|iPhone
		{8066BEE2-5D59-4CB4-BAC6-4DE60EB22CBE}.Release|Any CPU.ActiveCfg = Release|iPhone
		{8066BEE2-5D59-4CB4-BAC6-4DE60EB22CBE}.Release|ARM.ActiveCfg = Release|iPhone
		{8066BEE2-5D59-4CB4-BAC6-4DE60EB22CBE}.Release|iPhone.ActiveCfg = Release|iPhone
		{8066BEE2-5D59-4CB4-BAC6-4DE60EB22CBE}.Release|iPhone.Build.0 = Release|iPhone
		{8066BEE2-5D59-4CB4-BAC6-4DE60EB22CBE}.Release|iPhoneSimulator.ActiveCfg = Release|iPhoneSimulator
		{8066BEE2-5D59-4CB4-BAC6-4DE60EB22CBE}.Release|iPhoneSimulator.Build.0 = Release|iPhoneSimulator
		{8066BEE2-5D59-4CB4-BAC6-4DE60EB22CBE}.Release|x64.ActiveCfg = Release|iPhone
		{8066BEE2-5D59-4CB4-BAC6-4DE60EB22CBE}.Release|x86.ActiveCfg = Release|iPhone
		{95ADF626-5AE4-4702-A602-C30088C13128}.Ad-Hoc|Any CPU.ActiveCfg = Release|Any CPU
		{95ADF626-5AE4-4702-A602-C30088C13128}.Ad-Hoc|Any CPU.Build.0 = Release|Any CPU
		{95ADF626-5AE4-4702-A602-C30088C13128}.Ad-Hoc|ARM.ActiveCfg = Release|Any CPU
		{95ADF626-5AE4-4702-A602-C30088C13128}.Ad-Hoc|ARM.Build.0 = Release|Any CPU
		{95ADF626-5AE4-4702-A602-C30088C13128}.Ad-Hoc|iPhone.ActiveCfg = Release|Any CPU
		{95ADF626-5AE4-4702-A602-C30088C13128}.Ad-Hoc|iPhone.Build.0 = Release|Any CPU
		{95ADF626-5AE4-4702-A602-C30088C13128}.Ad-Hoc|iPhoneSimulator.ActiveCfg = Release|Any CPU
		{95ADF626-5AE4-4702-A602-C30088C13128}.Ad-Hoc|iPhoneSimulator.Build.0 = Release|Any CPU
		{95ADF626-5AE4-4702-A602-C30088C13128}.Ad-Hoc|x64.ActiveCfg = Release|Any CPU
		{95ADF626-5AE4-4702-A602-C30088C13128}.Ad-Hoc|x64.Build.0 = Release|Any CPU
		{95ADF626-5AE4-4702-A602-C30088C13128}.Ad-Hoc|x86.ActiveCfg = Release|Any CPU
		{95ADF626-5AE4-4702-A602-C30088C13128}.Ad-Hoc|x86.Build.0 = Release|Any CPU
		{95ADF626-5AE4-4702-A602-C30088C13128}.AppStore|Any CPU.ActiveCfg = Release|Any CPU
		{95ADF626-5AE4-4702-A602-C30088C13128}.AppStore|Any CPU.Build.0 = Release|Any CPU
		{95ADF626-5AE4-4702-A602-C30088C13128}.AppStore|ARM.ActiveCfg = Release|Any CPU
		{95ADF626-5AE4-4702-A602-C30088C13128}.AppStore|ARM.Build.0 = Release|Any CPU
		{95ADF626-5AE4-4702-A602-C30088C13128}.AppStore|iPhone.ActiveCfg = Release|Any CPU
		{95ADF626-5AE4-4702-A602-C30088C13128}.AppStore|iPhone.Build.0 = Release|Any CPU
		{95ADF626-5AE4-4702-A602-C30088C13128}.AppStore|iPhoneSimulator.ActiveCfg = Release|Any CPU
		{95ADF626-5AE4-4702-A602-C30088C13128}.AppStore|iPhoneSimulator.Build.0 = Release|Any CPU
		{95ADF626-5AE4-4702-A602-C30088C13128}.AppStore|x64.ActiveCfg = Release|Any CPU
		{95ADF626-5AE4-4702-A602-C30088C13128}.AppStore|x64.Build.0 = Release|Any CPU
		{95ADF626-5AE4-4702-A602-C30088C13128}.AppStore|x86.ActiveCfg = Release|Any CPU
		{95ADF626-5AE4-4702-A602-C30088C13128}.AppStore|x86.Build.0 = Release|Any CPU
		{95ADF626-5AE4-4702-A602-C30088C13128}.Debug|Any CPU.ActiveCfg = Debug|Any CPU
		{95ADF626-5AE4-4702-A602-C30088C13128}.Debug|Any CPU.Build.0 = Debug|Any CPU
		{95ADF626-5AE4-4702-A602-C30088C13128}.Debug|ARM.ActiveCfg = Debug|Any CPU
		{95ADF626-5AE4-4702-A602-C30088C13128}.Debug|ARM.Build.0 = Debug|Any CPU
		{95ADF626-5AE4-4702-A602-C30088C13128}.Debug|iPhone.ActiveCfg = Debug|Any CPU
		{95ADF626-5AE4-4702-A602-C30088C13128}.Debug|iPhone.Build.0 = Debug|Any CPU
		{95ADF626-5AE4-4702-A602-C30088C13128}.Debug|iPhoneSimulator.ActiveCfg = Debug|Any CPU
		{95ADF626-5AE4-4702-A602-C30088C13128}.Debug|iPhoneSimulator.Build.0 = Debug|Any CPU
		{95ADF626-5AE4-4702-A602-C30088C13128}.Debug|x64.ActiveCfg = Debug|Any CPU
		{95ADF626-5AE4-4702-A602-C30088C13128}.Debug|x64.Build.0 = Debug|Any CPU
		{95ADF626-5AE4-4702-A602-C30088C13128}.Debug|x86.ActiveCfg = Debug|Any CPU
		{95ADF626-5AE4-4702-A602-C30088C13128}.Debug|x86.Build.0 = Debug|Any CPU
		{95ADF626-5AE4-4702-A602-C30088C13128}.Release|Any CPU.ActiveCfg = Release|Any CPU
		{95ADF626-5AE4-4702-A602-C30088C13128}.Release|Any CPU.Build.0 = Release|Any CPU
		{95ADF626-5AE4-4702-A602-C30088C13128}.Release|ARM.ActiveCfg = Release|Any CPU
		{95ADF626-5AE4-4702-A602-C30088C13128}.Release|ARM.Build.0 = Release|Any CPU
		{95ADF626-5AE4-4702-A602-C30088C13128}.Release|iPhone.ActiveCfg = Release|Any CPU
		{95ADF626-5AE4-4702-A602-C30088C13128}.Release|iPhone.Build.0 = Release|Any CPU
		{95ADF626-5AE4-4702-A602-C30088C13128}.Release|iPhoneSimulator.ActiveCfg = Release|Any CPU
		{95ADF626-5AE4-4702-A602-C30088C13128}.Release|iPhoneSimulator.Build.0 = Release|Any CPU
		{95ADF626-5AE4-4702-A602-C30088C13128}.Release|x64.ActiveCfg = Release|Any CPU
		{95ADF626-5AE4-4702-A602-C30088C13128}.Release|x64.Build.0 = Release|Any CPU
		{95ADF626-5AE4-4702-A602-C30088C13128}.Release|x86.ActiveCfg = Release|Any CPU
		{95ADF626-5AE4-4702-A602-C30088C13128}.Release|x86.Build.0 = Release|Any CPU
	EndGlobalSection
	GlobalSection(SolutionProperties) = preSolution
		HideSolutionNode = FALSE
	EndGlobalSection
EndGlobal
